
Microsoft Visual Studio Solution File, Format Version 12.00
Project("{FAE04EC0-301F-11D3-BF4B-00C04F79EFBC}") = "github_test_new", "github_test_new\github_test_new.csproj", "{2C6B09C7-380C-47A5-B7E0-BDE536E7478B}"
EndProject
Global
	GlobalSection(SolutionConfigurationPlatforms) = preSolution
		Debug|Any CPU = Debug|Any CPU
		Release|Any CPU = Release|Any CPU
	EndGlobalSection
	GlobalSection(ProjectConfigurationPlatforms) = postSolution
		{2C6B09C7-380C-47A5-B7E0-BDE536E7478B}.Debug|Any CPU.ActiveCfg = Debug|Any CPU
		{2C6B09C7-380C-47A5-B7E0-BDE536E7478B}.Debug|Any CPU.Build.0 = Debug|Any CPU
		{2C6B09C7-380C-47A5-B7E0-BDE536E7478B}.Release|Any CPU.ActiveCfg = Release|Any CPU
		{2C6B09C7-380C-47A5-B7E0-BDE536E7478B}.Release|Any CPU.Build.0 = Release|Any CPU
	EndGlobalSection
EndGlobal
